
Microsoft Visual Studio Solution File, Format Version 12.00
# Visual Studio Version 17
VisualStudioVersion = 17.12.35527.113 d17.12
MinimumVisualStudioVersion = 10.0.40219.1
Project("{FAE04EC0-301F-11D3-BF4B-00C04F79EFBC}") = "Sabatex.Blazor.Identity.UI", "Sabatex.Blazor.Identity.UI\Sabatex.Blazor.Identity.UI.csproj", "{158699F6-274F-4A96-BB9C-D9723F388709}"
EndProject
Project("{FAE04EC0-301F-11D3-BF4B-00C04F79EFBC}") = "Sabatex.Blazor.Identity.UI.Client", "Sabatex.Blazor.Identity.UI.Client\Sabatex.Blazor.Identity.UI.Client.csproj", "{FEC88D8B-0C8C-4B3B-B5F8-3218BA978383}"
EndProject
Global
	GlobalSection(SolutionConfigurationPlatforms) = preSolution
		Debug|Any CPU = Debug|Any CPU
		Release|Any CPU = Release|Any CPU
	EndGlobalSection
	GlobalSection(ProjectConfigurationPlatforms) = postSolution
		{158699F6-274F-4A96-BB9C-D9723F388709}.Debug|Any CPU.ActiveCfg = Debug|Any CPU
		{158699F6-274F-4A96-BB9C-D9723F388709}.Debug|Any CPU.Build.0 = Debug|Any CPU
		{158699F6-274F-4A96-BB9C-D9723F388709}.Release|Any CPU.ActiveCfg = Release|Any CPU
		{158699F6-274F-4A96-BB9C-D9723F388709}.Release|Any CPU.Build.0 = Release|Any CPU
		{FEC88D8B-0C8C-4B3B-B5F8-3218BA978383}.Debug|Any CPU.ActiveCfg = Debug|Any CPU
		{FEC88D8B-0C8C-4B3B-B5F8-3218BA978383}.Debug|Any CPU.Build.0 = Debug|Any CPU
		{FEC88D8B-0C8C-4B3B-B5F8-3218BA978383}.Release|Any CPU.ActiveCfg = Release|Any CPU
		{FEC88D8B-0C8C-4B3B-B5F8-3218BA978383}.Release|Any CPU.Build.0 = Release|Any CPU
	EndGlobalSection
	GlobalSection(SolutionProperties) = preSolution
		HideSolutionNode = FALSE
	EndGlobalSection
EndGlobal
